// !$*UTF8*$!
{
	archiveVersion = 1;
	classes = {
	};
	objectVersion = 56;
	objects = {

/* Begin PBXBuildFile section */
		910E6F6D2B930B430024189F /* Category.swift in Sources */ = {isa = PBXBuildFile; fileRef = 910E6F6C2B930B430024189F /* Category.swift */; };
		910E6F722B930C910024189F /* Product.swift in Sources */ = {isa = PBXBuildFile; fileRef = 910E6F712B930C910024189F /* Product.swift */; };
		910E6F742B9313410024189F /* ProductAPIService.swift in Sources */ = {isa = PBXBuildFile; fileRef = 910E6F732B9313410024189F /* ProductAPIService.swift */; };
		910E6F762B93164D0024189F /* NetworkService.swift in Sources */ = {isa = PBXBuildFile; fileRef = 910E6F752B93164D0024189F /* NetworkService.swift */; };
		910E6F792B9319660024189F /* ProductVM.swift in Sources */ = {isa = PBXBuildFile; fileRef = 910E6F782B9319660024189F /* ProductVM.swift */; };
		910E6F7C2B931B8E0024189F /* ProductRowView.swift in Sources */ = {isa = PBXBuildFile; fileRef = 910E6F7B2B931B8E0024189F /* ProductRowView.swift */; };
		910E6F7E2B931E6F0024189F /* ProductListView.swift in Sources */ = {isa = PBXBuildFile; fileRef = 910E6F7D2B931E6F0024189F /* ProductListView.swift */; };
		9132AD712B8E1798008DF205 /* EStore_SwiftuiApp.swift in Sources */ = {isa = PBXBuildFile; fileRef = 9132AD702B8E1798008DF205 /* EStore_SwiftuiApp.swift */; };
		9132AD732B8E1798008DF205 /* RegisterView.swift in Sources */ = {isa = PBXBuildFile; fileRef = 9132AD722B8E1798008DF205 /* RegisterView.swift */; };
		9132AD752B8E1799008DF205 /* Assets.xcassets in Resources */ = {isa = PBXBuildFile; fileRef = 9132AD742B8E1799008DF205 /* Assets.xcassets */; };
		9132AD782B8E1799008DF205 /* Preview Assets.xcassets in Resources */ = {isa = PBXBuildFile; fileRef = 9132AD772B8E1799008DF205 /* Preview Assets.xcassets */; };
		9132AD862B8E1828008DF205 /* User.swift in Sources */ = {isa = PBXBuildFile; fileRef = 9132AD852B8E1828008DF205 /* User.swift */; };
		9132AD892B8E19B4008DF205 /* Constant.swift in Sources */ = {isa = PBXBuildFile; fileRef = 9132AD882B8E19B4008DF205 /* Constant.swift */; };
		9132AD8E2B8E1B8A008DF205 /* AuthService.swift in Sources */ = {isa = PBXBuildFile; fileRef = 9132AD8D2B8E1B8A008DF205 /* AuthService.swift */; };
		9132AD902B8E1E8A008DF205 /* AuthViewModel.swift in Sources */ = {isa = PBXBuildFile; fileRef = 9132AD8F2B8E1E8A008DF205 /* AuthViewModel.swift */; };
		9132AD942B8E2720008DF205 /* UserAPIService.swift in Sources */ = {isa = PBXBuildFile; fileRef = 9132AD932B8E2720008DF205 /* UserAPIService.swift */; };
		9132AD962B8E2813008DF205 /* UsersViewModel.swift in Sources */ = {isa = PBXBuildFile; fileRef = 9132AD952B8E2813008DF205 /* UsersViewModel.swift */; };
		916F88562B908861001CD0F2 /* ErrorMessage.swift in Sources */ = {isa = PBXBuildFile; fileRef = 916F88552B908861001CD0F2 /* ErrorMessage.swift */; };
		916F88592B908A7E001CD0F2 /* UserRowView.swift in Sources */ = {isa = PBXBuildFile; fileRef = 916F88582B908A7E001CD0F2 /* UserRowView.swift */; };
		916F885B2B908CA2001CD0F2 /* UsersListView.swift in Sources */ = {isa = PBXBuildFile; fileRef = 916F885A2B908CA2001CD0F2 /* UsersListView.swift */; };
/* End PBXBuildFile section */

/* Begin PBXFileReference section */
		910E6F6C2B930B430024189F /* Category.swift */ = {isa = PBXFileReference; lastKnownFileType = sourcecode.swift; path = Category.swift; sourceTree = "<group>"; };
		910E6F712B930C910024189F /* Product.swift */ = {isa = PBXFileReference; lastKnownFileType = sourcecode.swift; path = Product.swift; sourceTree = "<group>"; };
		910E6F732B9313410024189F /* ProductAPIService.swift */ = {isa = PBXFileReference; lastKnownFileType = sourcecode.swift; path = ProductAPIService.swift; sourceTree = "<group>"; };
		910E6F752B93164D0024189F /* NetworkService.swift */ = {isa = PBXFileReference; lastKnownFileType = sourcecode.swift; path = NetworkService.swift; sourceTree = "<group>"; };
		910E6F782B9319660024189F /* ProductVM.swift */ = {isa = PBXFileReference; lastKnownFileType = sourcecode.swift; path = ProductVM.swift; sourceTree = "<group>"; };
		910E6F7B2B931B8E0024189F /* ProductRowView.swift */ = {isa = PBXFileReference; lastKnownFileType = sourcecode.swift; path = ProductRowView.swift; sourceTree = "<group>"; };
		910E6F7D2B931E6F0024189F /* ProductListView.swift */ = {isa = PBXFileReference; lastKnownFileType = sourcecode.swift; path = ProductListView.swift; sourceTree = "<group>"; };
		9132AD6D2B8E1798008DF205 /* EStore_Swiftui.app */ = {isa = PBXFileReference; explicitFileType = wrapper.application; includeInIndex = 0; path = EStore_Swiftui.app; sourceTree = BUILT_PRODUCTS_DIR; };
		9132AD702B8E1798008DF205 /* EStore_SwiftuiApp.swift */ = {isa = PBXFileReference; lastKnownFileType = sourcecode.swift; path = EStore_SwiftuiApp.swift; sourceTree = "<group>"; };
		9132AD722B8E1798008DF205 /* RegisterView.swift */ = {isa = PBXFileReference; lastKnownFileType = sourcecode.swift; path = RegisterView.swift; sourceTree = "<group>"; };
		9132AD742B8E1799008DF205 /* Assets.xcassets */ = {isa = PBXFileReference; lastKnownFileType = folder.assetcatalog; path = Assets.xcassets; sourceTree = "<group>"; };
		9132AD772B8E1799008DF205 /* Preview Assets.xcassets */ = {isa = PBXFileReference; lastKnownFileType = folder.assetcatalog; path = "Preview Assets.xcassets"; sourceTree = "<group>"; };
		9132AD852B8E1828008DF205 /* User.swift */ = {isa = PBXFileReference; lastKnownFileType = sourcecode.swift; path = User.swift; sourceTree = "<group>"; };
		9132AD882B8E19B4008DF205 /* Constant.swift */ = {isa = PBXFileReference; lastKnownFileType = sourcecode.swift; path = Constant.swift; sourceTree = "<group>"; };
		9132AD8D2B8E1B8A008DF205 /* AuthService.swift */ = {isa = PBXFileReference; lastKnownFileType = sourcecode.swift; path = AuthService.swift; sourceTree = "<group>"; };
		9132AD8F2B8E1E8A008DF205 /* AuthViewModel.swift */ = {isa = PBXFileReference; lastKnownFileType = sourcecode.swift; path = AuthViewModel.swift; sourceTree = "<group>"; };
		9132AD932B8E2720008DF205 /* UserAPIService.swift */ = {isa = PBXFileReference; lastKnownFileType = sourcecode.swift; path = UserAPIService.swift; sourceTree = "<group>"; };
		9132AD952B8E2813008DF205 /* UsersViewModel.swift */ = {isa = PBXFileReference; lastKnownFileType = sourcecode.swift; path = UsersViewModel.swift; sourceTree = "<group>"; };
		916F88552B908861001CD0F2 /* ErrorMessage.swift */ = {isa = PBXFileReference; lastKnownFileType = sourcecode.swift; path = ErrorMessage.swift; sourceTree = "<group>"; };
		916F88582B908A7E001CD0F2 /* UserRowView.swift */ = {isa = PBXFileReference; lastKnownFileType = sourcecode.swift; path = UserRowView.swift; sourceTree = "<group>"; };
		916F885A2B908CA2001CD0F2 /* UsersListView.swift */ = {isa = PBXFileReference; lastKnownFileType = sourcecode.swift; path = UsersListView.swift; sourceTree = "<group>"; };
/* End PBXFileReference section */

/* Begin PBXFrameworksBuildPhase section */
		9132AD6A2B8E1798008DF205 /* Frameworks */ = {
			isa = PBXFrameworksBuildPhase;
			buildActionMask = 2147483647;
			files = (
			);
			runOnlyForDeploymentPostprocessing = 0;
		};
/* End PBXFrameworksBuildPhase section */

/* Begin PBXGroup section */
		910E6F692B930B030024189F /* Product */ = {
			isa = PBXGroup;
			children = (
				910E6F7A2B931B7F0024189F /* View */,
				910E6F772B93194B0024189F /* ViewModel */,
				910E6F702B930C7A0024189F /* Model */,
			);
			path = Product;
			sourceTree = "<group>";
		};
		910E6F6A2B930B1B0024189F /* Categories */ = {
			isa = PBXGroup;
			children = (
				910E6F6B2B930B2F0024189F /* Model */,
			);
			path = Categories;
			sourceTree = "<group>";
		};
		910E6F6B2B930B2F0024189F /* Model */ = {
			isa = PBXGroup;
			children = (
				910E6F6C2B930B430024189F /* Category.swift */,
			);
			path = Model;
			sourceTree = "<group>";
		};
		910E6F702B930C7A0024189F /* Model */ = {
			isa = PBXGroup;
			children = (
				910E6F712B930C910024189F /* Product.swift */,
			);
			path = Model;
			sourceTree = "<group>";
		};
		910E6F772B93194B0024189F /* ViewModel */ = {
			isa = PBXGroup;
			children = (
				910E6F782B9319660024189F /* ProductVM.swift */,
			);
			path = ViewModel;
			sourceTree = "<group>";
		};
		910E6F7A2B931B7F0024189F /* View */ = {
			isa = PBXGroup;
			children = (
				910E6F7B2B931B8E0024189F /* ProductRowView.swift */,
				910E6F7D2B931E6F0024189F /* ProductListView.swift */,
			);
			path = View;
			sourceTree = "<group>";
		};
		9132AD642B8E1798008DF205 = {
			isa = PBXGroup;
			children = (
				9132AD6F2B8E1798008DF205 /* EStore_Swiftui */,
				9132AD6E2B8E1798008DF205 /* Products */,
			);
			sourceTree = "<group>";
		};
		9132AD6E2B8E1798008DF205 /* Products */ = {
			isa = PBXGroup;
			children = (
				9132AD6D2B8E1798008DF205 /* EStore_Swiftui.app */,
			);
			name = Products;
			sourceTree = "<group>";
		};
		9132AD6F2B8E1798008DF205 /* EStore_Swiftui */ = {
			isa = PBXGroup;
			children = (
				9132AD702B8E1798008DF205 /* EStore_SwiftuiApp.swift */,
				9132AD8A2B8E1B57008DF205 /* Services */,
				9132AD872B8E19A8008DF205 /* Helper */,
				9132AD7E2B8E17BA008DF205 /* Modules */,
				9132AD842B8E180A008DF205 /* Resources */,
				9132AD762B8E1799008DF205 /* Preview Content */,
			);
			path = EStore_Swiftui;
			sourceTree = "<group>";
		};
		9132AD762B8E1799008DF205 /* Preview Content */ = {
			isa = PBXGroup;
			children = (
				9132AD772B8E1799008DF205 /* Preview Assets.xcassets */,
			);
			path = "Preview Content";
			sourceTree = "<group>";
		};
		9132AD7E2B8E17BA008DF205 /* Modules */ = {
			isa = PBXGroup;
			children = (
				910E6F6A2B930B1B0024189F /* Categories */,
				910E6F692B930B030024189F /* Product */,
				9132AD7F2B8E17C8008DF205 /* Users */,
			);
			path = Modules;
			sourceTree = "<group>";
		};
		9132AD7F2B8E17C8008DF205 /* Users */ = {
			isa = PBXGroup;
			children = (
				9132AD832B8E17F5008DF205 /* ViewModel */,
				9132AD822B8E17EC008DF205 /* Model */,
				916F88572B908A62001CD0F2 /* SubView */,
				9132AD812B8E17E4008DF205 /* View */,
			);
			path = Users;
			sourceTree = "<group>";
		};
		9132AD812B8E17E4008DF205 /* View */ = {
			isa = PBXGroup;
			children = (
				9132AD722B8E1798008DF205 /* RegisterView.swift */,
				916F885A2B908CA2001CD0F2 /* UsersListView.swift */,
			);
			path = View;
			sourceTree = "<group>";
		};
		9132AD822B8E17EC008DF205 /* Model */ = {
			isa = PBXGroup;
			children = (
				9132AD852B8E1828008DF205 /* User.swift */,
			);
			path = Model;
			sourceTree = "<group>";
		};
		9132AD832B8E17F5008DF205 /* ViewModel */ = {
			isa = PBXGroup;
			children = (
				9132AD8F2B8E1E8A008DF205 /* AuthViewModel.swift */,
				9132AD952B8E2813008DF205 /* UsersViewModel.swift */,
			);
			path = ViewModel;
			sourceTree = "<group>";
		};
		9132AD842B8E180A008DF205 /* Resources */ = {
			isa = PBXGroup;
			children = (
				9132AD742B8E1799008DF205 /* Assets.xcassets */,
			);
			path = Resources;
			sourceTree = "<group>";
		};
		9132AD872B8E19A8008DF205 /* Helper */ = {
			isa = PBXGroup;
			children = (
				9132AD882B8E19B4008DF205 /* Constant.swift */,
				916F88552B908861001CD0F2 /* ErrorMessage.swift */,
				910E6F752B93164D0024189F /* NetworkService.swift */,
			);
			path = Helper;
			sourceTree = "<group>";
		};
		9132AD8A2B8E1B57008DF205 /* Services */ = {
			isa = PBXGroup;
			children = (
				9132AD912B8E26FA008DF205 /* API */,
				9132AD8C2B8E1B6C008DF205 /* Auth */,
			);
			path = Services;
			sourceTree = "<group>";
		};
		9132AD8C2B8E1B6C008DF205 /* Auth */ = {
			isa = PBXGroup;
			children = (
				9132AD8D2B8E1B8A008DF205 /* AuthService.swift */,
			);
			path = Auth;
			sourceTree = "<group>";
		};
		9132AD912B8E26FA008DF205 /* API */ = {
			isa = PBXGroup;
			children = (
				9132AD932B8E2720008DF205 /* UserAPIService.swift */,
				910E6F732B9313410024189F /* ProductAPIService.swift */,
			);
			path = API;
			sourceTree = "<group>";
		};
		916F88572B908A62001CD0F2 /* SubView */ = {
			isa = PBXGroup;
			children = (
				916F88582B908A7E001CD0F2 /* UserRowView.swift */,
			);
			path = SubView;
			sourceTree = "<group>";
		};
/* End PBXGroup section */

/* Begin PBXNativeTarget section */
		9132AD6C2B8E1798008DF205 /* EStore_Swiftui */ = {
			isa = PBXNativeTarget;
			buildConfigurationList = 9132AD7B2B8E1799008DF205 /* Build configuration list for PBXNativeTarget "EStore_Swiftui" */;
			buildPhases = (
				9132AD692B8E1798008DF205 /* Sources */,
				9132AD6A2B8E1798008DF205 /* Frameworks */,
				9132AD6B2B8E1798008DF205 /* Resources */,
			);
			buildRules = (
			);
			dependencies = (
			);
			name = EStore_Swiftui;
			productName = EStore_Swiftui;
			productReference = 9132AD6D2B8E1798008DF205 /* EStore_Swiftui.app */;
			productType = "com.apple.product-type.application";
		};
/* End PBXNativeTarget section */

/* Begin PBXProject section */
		9132AD652B8E1798008DF205 /* Project object */ = {
			isa = PBXProject;
			attributes = {
				BuildIndependentTargetsInParallel = 1;
				LastSwiftUpdateCheck = 1520;
				LastUpgradeCheck = 1520;
				TargetAttributes = {
					9132AD6C2B8E1798008DF205 = {
						CreatedOnToolsVersion = 15.2;
					};
				};
			};
			buildConfigurationList = 9132AD682B8E1798008DF205 /* Build configuration list for PBXProject "EStore_Swiftui" */;
			compatibilityVersion = "Xcode 14.0";
			developmentRegion = en;
			hasScannedForEncodings = 0;
			knownRegions = (
				en,
				Base,
			);
			mainGroup = 9132AD642B8E1798008DF205;
			productRefGroup = 9132AD6E2B8E1798008DF205 /* Products */;
			projectDirPath = "";
			projectRoot = "";
			targets = (
				9132AD6C2B8E1798008DF205 /* EStore_Swiftui */,
			);
		};
/* End PBXProject section */

/* Begin PBXResourcesBuildPhase section */
		9132AD6B2B8E1798008DF205 /* Resources */ = {
			isa = PBXResourcesBuildPhase;
			buildActionMask = 2147483647;
			files = (
				9132AD782B8E1799008DF205 /* Preview Assets.xcassets in Resources */,
				9132AD752B8E1799008DF205 /* Assets.xcassets in Resources */,
			);
			runOnlyForDeploymentPostprocessing = 0;
		};
/* End PBXResourcesBuildPhase section */

/* Begin PBXSourcesBuildPhase section */
		9132AD692B8E1798008DF205 /* Sources */ = {
			isa = PBXSourcesBuildPhase;
			buildActionMask = 2147483647;
			files = (
				916F885B2B908CA2001CD0F2 /* UsersListView.swift in Sources */,
				9132AD732B8E1798008DF205 /* RegisterView.swift in Sources */,
				9132AD712B8E1798008DF205 /* EStore_SwiftuiApp.swift in Sources */,
				9132AD902B8E1E8A008DF205 /* AuthViewModel.swift in Sources */,
				9132AD8E2B8E1B8A008DF205 /* AuthService.swift in Sources */,
				916F88562B908861001CD0F2 /* ErrorMessage.swift in Sources */,
				910E6F7E2B931E6F0024189F /* ProductListView.swift in Sources */,
				910E6F7C2B931B8E0024189F /* ProductRowView.swift in Sources */,
				9132AD862B8E1828008DF205 /* User.swift in Sources */,
				916F88592B908A7E001CD0F2 /* UserRowView.swift in Sources */,
				910E6F742B9313410024189F /* ProductAPIService.swift in Sources */,
				9132AD962B8E2813008DF205 /* UsersViewModel.swift in Sources */,
				910E6F762B93164D0024189F /* NetworkService.swift in Sources */,
				9132AD942B8E2720008DF205 /* UserAPIService.swift in Sources */,
				9132AD892B8E19B4008DF205 /* Constant.swift in Sources */,
				910E6F6D2B930B430024189F /* Category.swift in Sources */,
				910E6F792B9319660024189F /* ProductVM.swift in Sources */,
				910E6F722B930C910024189F /* Product.swift in Sources */,
			);
			runOnlyForDeploymentPostprocessing = 0;
		};
/* End PBXSourcesBuildPhase section */

/* Begin XCBuildConfiguration section */
		9132AD792B8E1799008DF205 /* Debug */ = {
			isa = XCBuildConfiguration;
			buildSettings = {
				ALWAYS_SEARCH_USER_PATHS = NO;
				ASSETCATALOG_COMPILER_GENERATE_SWIFT_ASSET_SYMBOL_EXTENSIONS = YES;
				CLANG_ANALYZER_NONNULL = YES;
				CLANG_ANALYZER_NUMBER_OBJECT_CONVERSION = YES_AGGRESSIVE;
				CLANG_CXX_LANGUAGE_STANDARD = "gnu++20";
				CLANG_ENABLE_MODULES = YES;
				CLANG_ENABLE_OBJC_ARC = YES;
				CLANG_ENABLE_OBJC_WEAK = YES;
				CLANG_WARN_BLOCK_CAPTURE_AUTORELEASING = YES;
				CLANG_WARN_BOOL_CONVERSION = YES;
				CLANG_WARN_COMMA = YES;
				CLANG_WARN_CONSTANT_CONVERSION = YES;
				CLANG_WARN_DEPRECATED_OBJC_IMPLEMENTATIONS = YES;
				CLANG_WARN_DIRECT_OBJC_ISA_USAGE = YES_ERROR;
				CLANG_WARN_DOCUMENTATION_COMMENTS = YES;
				CLANG_WARN_EMPTY_BODY = YES;
				CLANG_WARN_ENUM_CONVERSION = YES;
				CLANG_WARN_INFINITE_RECURSION = YES;
				CLANG_WARN_INT_CONVERSION = YES;
				CLANG_WARN_NON_LITERAL_NULL_CONVERSION = YES;
				CLANG_WARN_OBJC_IMPLICIT_RETAIN_SELF = YES;
				CLANG_WARN_OBJC_LITERAL_CONVERSION = YES;
				CLANG_WARN_OBJC_ROOT_CLASS = YES_ERROR;
				CLANG_WARN_QUOTED_INCLUDE_IN_FRAMEWORK_HEADER = YES;
				CLANG_WARN_RANGE_LOOP_ANALYSIS = YES;
				CLANG_WARN_STRICT_PROTOTYPES = YES;
				CLANG_WARN_SUSPICIOUS_MOVE = YES;
				CLANG_WARN_UNGUARDED_AVAILABILITY = YES_AGGRESSIVE;
				CLANG_WARN_UNREACHABLE_CODE = YES;
				CLANG_WARN__DUPLICATE_METHOD_MATCH = YES;
				COPY_PHASE_STRIP = NO;
				DEBUG_INFORMATION_FORMAT = dwarf;
				ENABLE_STRICT_OBJC_MSGSEND = YES;
				ENABLE_TESTABILITY = YES;
				ENABLE_USER_SCRIPT_SANDBOXING = YES;
				GCC_C_LANGUAGE_STANDARD = gnu17;
				GCC_DYNAMIC_NO_PIC = NO;
				GCC_NO_COMMON_BLOCKS = YES;
				GCC_OPTIMIZATION_LEVEL = 0;
				GCC_PREPROCESSOR_DEFINITIONS = (
					"DEBUG=1",
					"$(inherited)",
				);
				GCC_WARN_64_TO_32_BIT_CONVERSION = YES;
				GCC_WARN_ABOUT_RETURN_TYPE = YES_ERROR;
				GCC_WARN_UNDECLARED_SELECTOR = YES;
				GCC_WARN_UNINITIALIZED_AUTOS = YES_AGGRESSIVE;
				GCC_WARN_UNUSED_FUNCTION = YES;
				GCC_WARN_UNUSED_VARIABLE = YES;
				IPHONEOS_DEPLOYMENT_TARGET = 17.2;
				LOCALIZATION_PREFERS_STRING_CATALOGS = YES;
				MTL_ENABLE_DEBUG_INFO = INCLUDE_SOURCE;
				MTL_FAST_MATH = YES;
				ONLY_ACTIVE_ARCH = YES;
				SDKROOT = iphoneos;
				SWIFT_ACTIVE_COMPILATION_CONDITIONS = "DEBUG $(inherited)";
				SWIFT_OPTIMIZATION_LEVEL = "-Onone";
			};
			name = Debug;
		};
		9132AD7A2B8E1799008DF205 /* Release */ = {
			isa = XCBuildConfiguration;
			buildSettings = {
				ALWAYS_SEARCH_USER_PATHS = NO;
				ASSETCATALOG_COMPILER_GENERATE_SWIFT_ASSET_SYMBOL_EXTENSIONS = YES;
				CLANG_ANALYZER_NONNULL = YES;
				CLANG_ANALYZER_NUMBER_OBJECT_CONVERSION = YES_AGGRESSIVE;
				CLANG_CXX_LANGUAGE_STANDARD = "gnu++20";
				CLANG_ENABLE_MODULES = YES;
				CLANG_ENABLE_OBJC_ARC = YES;
				CLANG_ENABLE_OBJC_WEAK = YES;
				CLANG_WARN_BLOCK_CAPTURE_AUTORELEASING = YES;
				CLANG_WARN_BOOL_CONVERSION = YES;
				CLANG_WARN_COMMA = YES;
				CLANG_WARN_CONSTANT_CONVERSION = YES;
				CLANG_WARN_DEPRECATED_OBJC_IMPLEMENTATIONS = YES;
				CLANG_WARN_DIRECT_OBJC_ISA_USAGE = YES_ERROR;
				CLANG_WARN_DOCUMENTATION_COMMENTS = YES;
				CLANG_WARN_EMPTY_BODY = YES;
				CLANG_WARN_ENUM_CONVERSION = YES;
				CLANG_WARN_INFINITE_RECURSION = YES;
				CLANG_WARN_INT_CONVERSION = YES;
				CLANG_WARN_NON_LITERAL_NULL_CONVERSION = YES;
				CLANG_WARN_OBJC_IMPLICIT_RETAIN_SELF = YES;
				CLANG_WARN_OBJC_LITERAL_CONVERSION = YES;
				CLANG_WARN_OBJC_ROOT_CLASS = YES_ERROR;
				CLANG_WARN_QUOTED_INCLUDE_IN_FRAMEWORK_HEADER = YES;
				CLANG_WARN_RANGE_LOOP_ANALYSIS = YES;
				CLANG_WARN_STRICT_PROTOTYPES = YES;
				CLANG_WARN_SUSPICIOUS_MOVE = YES;
				CLANG_WARN_UNGUARDED_AVAILABILITY = YES_AGGRESSIVE;
				CLANG_WARN_UNREACHABLE_CODE = YES;
				CLANG_WARN__DUPLICATE_METHOD_MATCH = YES;
				COPY_PHASE_STRIP = NO;
				DEBUG_INFORMATION_FORMAT = "dwarf-with-dsym";
				ENABLE_NS_ASSERTIONS = NO;
				ENABLE_STRICT_OBJC_MSGSEND = YES;
				ENABLE_USER_SCRIPT_SANDBOXING = YES;
				GCC_C_LANGUAGE_STANDARD = gnu17;
				GCC_NO_COMMON_BLOCKS = YES;
				GCC_WARN_64_TO_32_BIT_CONVERSION = YES;
				GCC_WARN_ABOUT_RETURN_TYPE = YES_ERROR;
				GCC_WARN_UNDECLARED_SELECTOR = YES;
				GCC_WARN_UNINITIALIZED_AUTOS = YES_AGGRESSIVE;
				GCC_WARN_UNUSED_FUNCTION = YES;
				GCC_WARN_UNUSED_VARIABLE = YES;
				IPHONEOS_DEPLOYMENT_TARGET = 17.2;
				LOCALIZATION_PREFERS_STRING_CATALOGS = YES;
				MTL_ENABLE_DEBUG_INFO = NO;
				MTL_FAST_MATH = YES;
				SDKROOT = iphoneos;
				SWIFT_COMPILATION_MODE = wholemodule;
				VALIDATE_PRODUCT = YES;
			};
			name = Release;
		};
		9132AD7C2B8E1799008DF205 /* Debug */ = {
			isa = XCBuildConfiguration;
			buildSettings = {
				ASSETCATALOG_COMPILER_APPICON_NAME = AppIcon;
				ASSETCATALOG_COMPILER_GLOBAL_ACCENT_COLOR_NAME = AccentColor;
				CODE_SIGN_STYLE = Automatic;
				CURRENT_PROJECT_VERSION = 1;
				DEVELOPMENT_ASSET_PATHS = "\"EStore_Swiftui/Preview Content\"";
				DEVELOPMENT_TEAM = ZN33ZJFC65;
				ENABLE_PREVIEWS = YES;
				GENERATE_INFOPLIST_FILE = YES;
				INFOPLIST_KEY_UIApplicationSceneManifest_Generation = YES;
				INFOPLIST_KEY_UIApplicationSupportsIndirectInputEvents = YES;
				INFOPLIST_KEY_UILaunchScreen_Generation = YES;
				INFOPLIST_KEY_UISupportedInterfaceOrientations_iPad = "UIInterfaceOrientationPortrait UIInterfaceOrientationPortraitUpsideDown UIInterfaceOrientationLandscapeLeft UIInterfaceOrientationLandscapeRight";
				INFOPLIST_KEY_UISupportedInterfaceOrientations_iPhone = "UIInterfaceOrientationPortrait UIInterfaceOrientationLandscapeLeft UIInterfaceOrientationLandscapeRight";
				LD_RUNPATH_SEARCH_PATHS = (
					"$(inherited)",
					"@executable_path/Frameworks",
				);
				MARKETING_VERSION = 1.0;
				PRODUCT_BUNDLE_IDENTIFIER = "nae.EStore-Swiftui";
				PRODUCT_NAME = "$(TARGET_NAME)";
				SWIFT_EMIT_LOC_STRINGS = YES;
				SWIFT_VERSION = 5.0;
				TARGETED_DEVICE_FAMILY = "1,2";
			};
			name = Debug;
		};
		9132AD7D2B8E1799008DF205 /* Release */ = {
			isa = XCBuildConfiguration;
			buildSettings = {
				ASSETCATALOG_COMPILER_APPICON_NAME = AppIcon;
				ASSETCATALOG_COMPILER_GLOBAL_ACCENT_COLOR_NAME = AccentColor;
				CODE_SIGN_STYLE = Automatic;
				CURRENT_PROJECT_VERSION = 1;
				DEVELOPMENT_ASSET_PATHS = "\"EStore_Swiftui/Preview Content\"";
				DEVELOPMENT_TEAM = ZN33ZJFC65;
				ENABLE_PREVIEWS = YES;
				GENERATE_INFOPLIST_FILE = YES;
				INFOPLIST_KEY_UIApplicationSceneManifest_Generation = YES;
				INFOPLIST_KEY_UIApplicationSupportsIndirectInputEvents = YES;
				INFOPLIST_KEY_UILaunchScreen_Generation = YES;
				INFOPLIST_KEY_UISupportedInterfaceOrientations_iPad = "UIInterfaceOrientationPortrait UIInterfaceOrientationPortraitUpsideDown UIInterfaceOrientationLandscapeLeft UIInterfaceOrientationLandscapeRight";
				INFOPLIST_KEY_UISupportedInterfaceOrientations_iPhone = "UIInterfaceOrientationPortrait UIInterfaceOrientationLandscapeLeft UIInterfaceOrientationLandscapeRight";
				LD_RUNPATH_SEARCH_PATHS = (
					"$(inherited)",
					"@executable_path/Frameworks",
				);
				MARKETING_VERSION = 1.0;
				PRODUCT_BUNDLE_IDENTIFIER = "nae.EStore-Swiftui";
				PRODUCT_NAME = "$(TARGET_NAME)";
				SWIFT_EMIT_LOC_STRINGS = YES;
				SWIFT_VERSION = 5.0;
				TARGETED_DEVICE_FAMILY = "1,2";
			};
			name = Release;
		};
/* End XCBuildConfiguration section */

/* Begin XCConfigurationList section */
		9132AD682B8E1798008DF205 /* Build configuration list for PBXProject "EStore_Swiftui" */ = {
			isa = XCConfigurationList;
			buildConfigurations = (
				9132AD792B8E1799008DF205 /* Debug */,
				9132AD7A2B8E1799008DF205 /* Release */,
			);
			defaultConfigurationIsVisible = 0;
			defaultConfigurationName = Release;
		};
		9132AD7B2B8E1799008DF205 /* Build configuration list for PBXNativeTarget "EStore_Swiftui" */ = {
			isa = XCConfigurationList;
			buildConfigurations = (
				9132AD7C2B8E1799008DF205 /* Debug */,
				9132AD7D2B8E1799008DF205 /* Release */,
			);
			defaultConfigurationIsVisible = 0;
			defaultConfigurationName = Release;
		};
/* End XCConfigurationList section */
	};
	rootObject = 9132AD652B8E1798008DF205 /* Project object */;
}
